
Microsoft Visual Studio Solution File, Format Version 12.00
# Visual Studio Version 16
VisualStudioVersion = 16.0.30621.155
MinimumVisualStudioVersion = 10.0.40219.1
Project("{FAE04EC0-301F-11D3-BF4B-00C04F79EFBC}") = "ClientReservasi-109", "ClientReservasi-109\ClientReservasi-109.csproj", "{4CBD72C0-4A17-4580-85BE-B946D3F1EB7B}"
EndProject
Global
	GlobalSection(SolutionConfigurationPlatforms) = preSolution
		Debug|Any CPU = Debug|Any CPU
		Release|Any CPU = Release|Any CPU
	EndGlobalSection
	GlobalSection(ProjectConfigurationPlatforms) = postSolution
		{4CBD72C0-4A17-4580-85BE-B946D3F1EB7B}.Debug|Any CPU.ActiveCfg = Debug|Any CPU
		{4CBD72C0-4A17-4580-85BE-B946D3F1EB7B}.Debug|Any CPU.Build.0 = Debug|Any CPU
		{4CBD72C0-4A17-4580-85BE-B946D3F1EB7B}.Release|Any CPU.ActiveCfg = Release|Any CPU
		{4CBD72C0-4A17-4580-85BE-B946D3F1EB7B}.Release|Any CPU.Build.0 = Release|Any CPU
	EndGlobalSection
	GlobalSection(SolutionProperties) = preSolution
		HideSolutionNode = FALSE
	EndGlobalSection
	GlobalSection(ExtensibilityGlobals) = postSolution
		SolutionGuid = {F81389FD-39B6-4AA0-B1B9-85E880A39726}
	EndGlobalSection
EndGlobal
